
Microsoft Visual Studio Solution File, Format Version 12.00
# Visual Studio Version 17
VisualStudioVersion = 17.14.36811.4 d17.14
MinimumVisualStudioVersion = 10.0.40219.1
Project("{FAE04EC0-301F-11D3-BF4B-00C04F79EFBC}") = "File Wizard", "File Wizard.csproj", "{D5DFB52B-0D09-4019-AA40-5DAFD0E6C807}"
EndProject
Global
	GlobalSection(SolutionConfigurationPlatforms) = preSolution
		Debug|Any CPU = Debug|Any CPU
		Release|Any CPU = Release|Any CPU
	EndGlobalSection
	GlobalSection(ProjectConfigurationPlatforms) = postSolution
		{D5DFB52B-0D09-4019-AA40-5DAFD0E6C807}.Debug|Any CPU.ActiveCfg = Debug|Any CPU
		{D5DFB52B-0D09-4019-AA40-5DAFD0E6C807}.Debug|Any CPU.Build.0 = Debug|Any CPU
		{D5DFB52B-0D09-4019-AA40-5DAFD0E6C807}.Release|Any CPU.ActiveCfg = Release|Any CPU
		{D5DFB52B-0D09-4019-AA40-5DAFD0E6C807}.Release|Any CPU.Build.0 = Release|Any CPU
	EndGlobalSection
	GlobalSection(SolutionProperties) = preSolution
		HideSolutionNode = FALSE
	EndGlobalSection
	GlobalSection(ExtensibilityGlobals) = postSolution
		SolutionGuid = {921A746E-8F6C-47B1-840D-11FD7FFB6C76}
	EndGlobalSection
EndGlobal
